
Microsoft Visual Studio Solution File, Format Version 12.00
# Visual Studio Version 17
VisualStudioVersion = 17.14.37203.1
MinimumVisualStudioVersion = 10.0.40219.1
Project("{FAE04EC0-301F-11D3-BF4B-00C04F79EFBC}") = "BookingApp.API", "BookingApp.API\BookingApp.API.csproj", "{6EC943D3-873C-4B71-B748-61C731606BBC}"
EndProject
Global
	GlobalSection(SolutionConfigurationPlatforms) = preSolution
		Debug|Any CPU = Debug|Any CPU
		Release|Any CPU = Release|Any CPU
	EndGlobalSection
	GlobalSection(ProjectConfigurationPlatforms) = postSolution
		{6EC943D3-873C-4B71-B748-61C731606BBC}.Debug|Any CPU.ActiveCfg = Debug|Any CPU
		{6EC943D3-873C-4B71-B748-61C731606BBC}.Debug|Any CPU.Build.0 = Debug|Any CPU
		{6EC943D3-873C-4B71-B748-61C731606BBC}.Release|Any CPU.ActiveCfg = Release|Any CPU
		{6EC943D3-873C-4B71-B748-61C731606BBC}.Release|Any CPU.Build.0 = Release|Any CPU
	EndGlobalSection
	GlobalSection(SolutionProperties) = preSolution
		HideSolutionNode = FALSE
	EndGlobalSection
	GlobalSection(ExtensibilityGlobals) = postSolution
		SolutionGuid = {8ABF6CB0-2EAD-4370-8650-45332EB13283}
	EndGlobalSection
EndGlobal
